// !$*UTF8*$!
{
	archiveVersion = 1;
	classes = {
	};
	objectVersion = 51;
	objects = {

/* Begin PBXBuildFile section */
		AC4FC03A37847EE52DD2DE88 /* Pods_AutoChangeableDemo.framework in Frameworks */ = {isa = PBXBuildFile; fileRef = ACCF29720EAEE4373F294903 /* Pods_AutoChangeableDemo.framework */; };
		C08F5EFD24C4668B00E21EC2 /* AppDelegate.swift in Sources */ = {isa = PBXBuildFile; fileRef = C08F5EFC24C4668B00E21EC2 /* AppDelegate.swift */; };
		C08F5F0124C4668B00E21EC2 /* ViewController.swift in Sources */ = {isa = PBXBuildFile; fileRef = C08F5F0024C4668B00E21EC2 /* ViewController.swift */; };
		C08F5F0424C4668B00E21EC2 /* Main.storyboard in Resources */ = {isa = PBXBuildFile; fileRef = C08F5F0224C4668B00E21EC2 /* Main.storyboard */; };
		C08F5F0624C4668C00E21EC2 /* Assets.xcassets in Resources */ = {isa = PBXBuildFile; fileRef = C08F5F0524C4668C00E21EC2 /* Assets.xcassets */; };
		C08F5F0924C4668C00E21EC2 /* LaunchScreen.storyboard in Resources */ = {isa = PBXBuildFile; fileRef = C08F5F0724C4668C00E21EC2 /* LaunchScreen.storyboard */; };
		C08F5F1724C4732C00E21EC2 /* User.swift in Sources */ = {isa = PBXBuildFile; fileRef = C08F5F1624C4732C00E21EC2 /* User.swift */; };
		C08F5F1924C4734E00E21EC2 /* Company.swift in Sources */ = {isa = PBXBuildFile; fileRef = C08F5F1824C4734E00E21EC2 /* Company.swift */; };
		C08F61B124C484E900E21EC2 /* AutoChangeable.swift in Sources */ = {isa = PBXBuildFile; fileRef = C08F61B024C484E800E21EC2 /* AutoChangeable.swift */; };
/* End PBXBuildFile section */

/* Begin PBXFileReference section */
		06BD6460656501F9CF977620 /* Pods-AutoChangeableDemo.release.xcconfig */ = {isa = PBXFileReference; includeInIndex = 1; lastKnownFileType = text.xcconfig; name = "Pods-AutoChangeableDemo.release.xcconfig"; path = "Target Support Files/Pods-AutoChangeableDemo/Pods-AutoChangeableDemo.release.xcconfig"; sourceTree = "<group>"; };
		ACCF29720EAEE4373F294903 /* Pods_AutoChangeableDemo.framework */ = {isa = PBXFileReference; explicitFileType = wrapper.framework; includeInIndex = 0; path = Pods_AutoChangeableDemo.framework; sourceTree = BUILT_PRODUCTS_DIR; };
		C08F5EF924C4668B00E21EC2 /* AutoChangeableDemo.app */ = {isa = PBXFileReference; explicitFileType = wrapper.application; includeInIndex = 0; path = AutoChangeableDemo.app; sourceTree = BUILT_PRODUCTS_DIR; };
		C08F5EFC24C4668B00E21EC2 /* AppDelegate.swift */ = {isa = PBXFileReference; lastKnownFileType = sourcecode.swift; path = AppDelegate.swift; sourceTree = "<group>"; };
		C08F5F0024C4668B00E21EC2 /* ViewController.swift */ = {isa = PBXFileReference; lastKnownFileType = sourcecode.swift; path = ViewController.swift; sourceTree = "<group>"; };
		C08F5F0324C4668B00E21EC2 /* Base */ = {isa = PBXFileReference; lastKnownFileType = file.storyboard; name = Base; path = Base.lproj/Main.storyboard; sourceTree = "<group>"; };
		C08F5F0524C4668C00E21EC2 /* Assets.xcassets */ = {isa = PBXFileReference; lastKnownFileType = folder.assetcatalog; path = Assets.xcassets; sourceTree = "<group>"; };
		C08F5F0824C4668C00E21EC2 /* Base */ = {isa = PBXFileReference; lastKnownFileType = file.storyboard; name = Base; path = Base.lproj/LaunchScreen.storyboard; sourceTree = "<group>"; };
		C08F5F0A24C4668D00E21EC2 /* Info.plist */ = {isa = PBXFileReference; lastKnownFileType = text.plist.xml; path = Info.plist; sourceTree = "<group>"; };
		C08F5F1624C4732C00E21EC2 /* User.swift */ = {isa = PBXFileReference; lastKnownFileType = sourcecode.swift; path = User.swift; sourceTree = "<group>"; };
		C08F5F1824C4734E00E21EC2 /* Company.swift */ = {isa = PBXFileReference; lastKnownFileType = sourcecode.swift; path = Company.swift; sourceTree = "<group>"; };
		C08F61B024C484E800E21EC2 /* AutoChangeable.swift */ = {isa = PBXFileReference; fileEncoding = 4; lastKnownFileType = sourcecode.swift; path = AutoChangeable.swift; sourceTree = "<group>"; };
		E8F8C844A8472DEC37109F94 /* Pods-AutoChangeableDemo.debug.xcconfig */ = {isa = PBXFileReference; includeInIndex = 1; lastKnownFileType = text.xcconfig; name = "Pods-AutoChangeableDemo.debug.xcconfig"; path = "Target Support Files/Pods-AutoChangeableDemo/Pods-AutoChangeableDemo.debug.xcconfig"; sourceTree = "<group>"; };
/* End PBXFileReference section */

/* Begin PBXFrameworksBuildPhase section */
		C08F5EF624C4668B00E21EC2 /* Frameworks */ = {
			isa = PBXFrameworksBuildPhase;
			buildActionMask = 2147483647;
			files = (
				AC4FC03A37847EE52DD2DE88 /* Pods_AutoChangeableDemo.framework in Frameworks */,
			);
			runOnlyForDeploymentPostprocessing = 0;
		};
/* End PBXFrameworksBuildPhase section */

/* Begin PBXGroup section */
		50270B7568B9B6A261C85E5F /* Pods */ = {
			isa = PBXGroup;
			children = (
				E8F8C844A8472DEC37109F94 /* Pods-AutoChangeableDemo.debug.xcconfig */,
				06BD6460656501F9CF977620 /* Pods-AutoChangeableDemo.release.xcconfig */,
			);
			path = Pods;
			sourceTree = "<group>";
		};
		C08F5EF024C4668B00E21EC2 = {
			isa = PBXGroup;
			children = (
				C08F5EFB24C4668B00E21EC2 /* Sources */,
				C08F5EFA24C4668B00E21EC2 /* Products */,
				50270B7568B9B6A261C85E5F /* Pods */,
				DCD5B052E2BA13FDDE8D24B1 /* Frameworks */,
			);
			sourceTree = "<group>";
		};
		C08F5EFA24C4668B00E21EC2 /* Products */ = {
			isa = PBXGroup;
			children = (
				C08F5EF924C4668B00E21EC2 /* AutoChangeableDemo.app */,
			);
			name = Products;
			sourceTree = "<group>";
		};
		C08F5EFB24C4668B00E21EC2 /* Sources */ = {
			isa = PBXGroup;
			children = (
				C08F61AF24C484E800E21EC2 /* Generated */,
				C08F5F1524C4731F00E21EC2 /* Models */,
				C08F5F1124C46E6100E21EC2 /* Resources */,
				C08F5F1024C46E5300E21EC2 /* Storyboards */,
				C08F5EFC24C4668B00E21EC2 /* AppDelegate.swift */,
				C08F5F0A24C4668D00E21EC2 /* Info.plist */,
				C08F5F0024C4668B00E21EC2 /* ViewController.swift */,
			);
			path = Sources;
			sourceTree = "<group>";
		};
		C08F5F1024C46E5300E21EC2 /* Storyboards */ = {
			isa = PBXGroup;
			children = (
				C08F5F0724C4668C00E21EC2 /* LaunchScreen.storyboard */,
				C08F5F0224C4668B00E21EC2 /* Main.storyboard */,
			);
			path = Storyboards;
			sourceTree = "<group>";
		};
		C08F5F1124C46E6100E21EC2 /* Resources */ = {
			isa = PBXGroup;
			children = (
				C08F5F0524C4668C00E21EC2 /* Assets.xcassets */,
			);
			path = Resources;
			sourceTree = "<group>";
		};
		C08F5F1524C4731F00E21EC2 /* Models */ = {
			isa = PBXGroup;
			children = (
				C08F5F1624C4732C00E21EC2 /* User.swift */,
				C08F5F1824C4734E00E21EC2 /* Company.swift */,
			);
			path = Models;
			sourceTree = "<group>";
		};
		C08F61AF24C484E800E21EC2 /* Generated */ = {
			isa = PBXGroup;
			children = (
				C08F61B024C484E800E21EC2 /* AutoChangeable.swift */,
			);
			path = Generated;
			sourceTree = "<group>";
		};
		DCD5B052E2BA13FDDE8D24B1 /* Frameworks */ = {
			isa = PBXGroup;
			children = (
				ACCF29720EAEE4373F294903 /* Pods_AutoChangeableDemo.framework */,
			);
			name = Frameworks;
			sourceTree = "<group>";
		};
/* End PBXGroup section */

/* Begin PBXNativeTarget section */
		C08F5EF824C4668B00E21EC2 /* AutoChangeableDemo */ = {
			isa = PBXNativeTarget;
			buildConfigurationList = C08F5F0D24C4668D00E21EC2 /* Build configuration list for PBXNativeTarget "AutoChangeableDemo" */;
			buildPhases = (
				1CB0C8D52BD0A7ABA31BA3CB /* [CP] Check Pods Manifest.lock */,
				C08F643624C4999F00E21EC2 /* AutoChangeable */,
				C08F5EF524C4668B00E21EC2 /* Sources */,
				C08F5EF624C4668B00E21EC2 /* Frameworks */,
				C08F5EF724C4668B00E21EC2 /* Resources */,
				47895E2C6D97C8B9E398709A /* [CP] Embed Pods Frameworks */,
			);
			buildRules = (
			);
			dependencies = (
			);
			name = AutoChangeableDemo;
			productName = AutoChangeableDemo;
			productReference = C08F5EF924C4668B00E21EC2 /* AutoChangeableDemo.app */;
			productType = "com.apple.product-type.application";
		};
/* End PBXNativeTarget section */

/* Begin PBXProject section */
		C08F5EF124C4668B00E21EC2 /* Project object */ = {
			isa = PBXProject;
			attributes = {
				LastSwiftUpdateCheck = 1150;
				LastUpgradeCheck = 1150;
				ORGANIZATIONNAME = almazrafi;
				TargetAttributes = {
					C08F5EF824C4668B00E21EC2 = {
						CreatedOnToolsVersion = 11.5;
					};
				};
			};
			buildConfigurationList = C08F5EF424C4668B00E21EC2 /* Build configuration list for PBXProject "AutoChangeableDemo" */;
			compatibilityVersion = "Xcode 9.3";
			developmentRegion = en;
			hasScannedForEncodings = 0;
			knownRegions = (
				en,
				Base,
			);
			mainGroup = C08F5EF024C4668B00E21EC2;
			productRefGroup = C08F5EFA24C4668B00E21EC2 /* Products */;
			projectDirPath = "";
			projectRoot = "";
			targets = (
				C08F5EF824C4668B00E21EC2 /* AutoChangeableDemo */,
			);
		};
/* End PBXProject section */

/* Begin PBXResourcesBuildPhase section */
		C08F5EF724C4668B00E21EC2 /* Resources */ = {
			isa = PBXResourcesBuildPhase;
			buildActionMask = 2147483647;
			files = (
				C08F5F0924C4668C00E21EC2 /* LaunchScreen.storyboard in Resources */,
				C08F5F0624C4668C00E21EC2 /* Assets.xcassets in Resources */,
				C08F5F0424C4668B00E21EC2 /* Main.storyboard in Resources */,
			);
			runOnlyForDeploymentPostprocessing = 0;
		};
/* End PBXResourcesBuildPhase section */

/* Begin PBXShellScriptBuildPhase section */
		1CB0C8D52BD0A7ABA31BA3CB /* [CP] Check Pods Manifest.lock */ = {
			isa = PBXShellScriptBuildPhase;
			buildActionMask = 2147483647;
			files = (
			);
			inputFileListPaths = (
			);
			inputPaths = (
				"${PODS_PODFILE_DIR_PATH}/Podfile.lock",
				"${PODS_ROOT}/Manifest.lock",
			);
			name = "[CP] Check Pods Manifest.lock";
			outputFileListPaths = (
			);
			outputPaths = (
				"$(DERIVED_FILE_DIR)/Pods-AutoChangeableDemo-checkManifestLockResult.txt",
			);
			runOnlyForDeploymentPostprocessing = 0;
			shellPath = /bin/sh;
			shellScript = "diff \"${PODS_PODFILE_DIR_PATH}/Podfile.lock\" \"${PODS_ROOT}/Manifest.lock\" > /dev/null\nif [ $? != 0 ] ; then\n    # print error to STDERR\n    echo \"error: The sandbox is not in sync with the Podfile.lock. Run 'pod install' or update your CocoaPods installation.\" >&2\n    exit 1\nfi\n# This output is used by Xcode 'outputs' to avoid re-running this script phase.\necho \"SUCCESS\" > \"${SCRIPT_OUTPUT_FILE_0}\"\n";
			showEnvVarsInLog = 0;
		};
		47895E2C6D97C8B9E398709A /* [CP] Embed Pods Frameworks */ = {
			isa = PBXShellScriptBuildPhase;
			buildActionMask = 2147483647;
			files = (
			);
			inputFileListPaths = (
				"${PODS_ROOT}/Target Support Files/Pods-AutoChangeableDemo/Pods-AutoChangeableDemo-frameworks-${CONFIGURATION}-input-files.xcfilelist",
			);
			name = "[CP] Embed Pods Frameworks";
			outputFileListPaths = (
				"${PODS_ROOT}/Target Support Files/Pods-AutoChangeableDemo/Pods-AutoChangeableDemo-frameworks-${CONFIGURATION}-output-files.xcfilelist",
			);
			runOnlyForDeploymentPostprocessing = 0;
			shellPath = /bin/sh;
			shellScript = "\"${PODS_ROOT}/Target Support Files/Pods-AutoChangeableDemo/Pods-AutoChangeableDemo-frameworks.sh\"\n";
			showEnvVarsInLog = 0;
		};
		C08F643624C4999F00E21EC2 /* AutoChangeable */ = {
			isa = PBXShellScriptBuildPhase;
			buildActionMask = 2147483647;
			files = (
			);
			inputFileListPaths = (
			);
			inputPaths = (
			);
			name = AutoChangeable;
			outputFileListPaths = (
			);
			outputPaths = (
			);
			runOnlyForDeploymentPostprocessing = 0;
			shellPath = /bin/sh;
			shellScript = "\"${PODS_ROOT}/AutoChangeable/Bin/AutoChangeable\" \\\n--sources \"${SRCROOT}/Sources\" \\\n--output \"${SRCROOT}/Sources/Generated/AutoChangeable.swift\"\n";
		};
/* End PBXShellScriptBuildPhase section */

/* Begin PBXSourcesBuildPhase section */
		C08F5EF524C4668B00E21EC2 /* Sources */ = {
			isa = PBXSourcesBuildPhase;
			buildActionMask = 2147483647;
			files = (
				C08F61B124C484E900E21EC2 /* AutoChangeable.swift in Sources */,
				C08F5F0124C4668B00E21EC2 /* ViewController.swift in Sources */,
				C08F5EFD24C4668B00E21EC2 /* AppDelegate.swift in Sources */,
				C08F5F1724C4732C00E21EC2 /* User.swift in Sources */,
				C08F5F1924C4734E00E21EC2 /* Company.swift in Sources */,
			);
			runOnlyForDeploymentPostprocessing = 0;
		};
/* End PBXSourcesBuildPhase section */

/* Begin PBXVariantGroup section */
		C08F5F0224C4668B00E21EC2 /* Main.storyboard */ = {
			isa = PBXVariantGroup;
			children = (
				C08F5F0324C4668B00E21EC2 /* Base */,
			);
			name = Main.storyboard;
			sourceTree = "<group>";
		};
		C08F5F0724C4668C00E21EC2 /* LaunchScreen.storyboard */ = {
			isa = PBXVariantGroup;
			children = (
				C08F5F0824C4668C00E21EC2 /* Base */,
			);
			name = LaunchScreen.storyboard;
			sourceTree = "<group>";
		};
/* End PBXVariantGroup section */

/* Begin XCBuildConfiguration section */
		C08F5F0B24C4668D00E21EC2 /* Debug */ = {
			isa = XCBuildConfiguration;
			buildSettings = {
				ALWAYS_SEARCH_USER_PATHS = NO;
				CLANG_ANALYZER_NONNULL = YES;
				CLANG_ANALYZER_NUMBER_OBJECT_CONVERSION = YES_AGGRESSIVE;
				CLANG_CXX_LANGUAGE_STANDARD = "gnu++14";
				CLANG_CXX_LIBRARY = "libc++";
				CLANG_ENABLE_MODULES = YES;
				CLANG_ENABLE_OBJC_ARC = YES;
				CLANG_ENABLE_OBJC_WEAK = YES;
				CLANG_WARN_BLOCK_CAPTURE_AUTORELEASING = YES;
				CLANG_WARN_BOOL_CONVERSION = YES;
				CLANG_WARN_COMMA = YES;
				CLANG_WARN_CONSTANT_CONVERSION = YES;
				CLANG_WARN_DEPRECATED_OBJC_IMPLEMENTATIONS = YES;
				CLANG_WARN_DIRECT_OBJC_ISA_USAGE = YES_ERROR;
				CLANG_WARN_DOCUMENTATION_COMMENTS = YES;
				CLANG_WARN_EMPTY_BODY = YES;
				CLANG_WARN_ENUM_CONVERSION = YES;
				CLANG_WARN_INFINITE_RECURSION = YES;
				CLANG_WARN_INT_CONVERSION = YES;
				CLANG_WARN_NON_LITERAL_NULL_CONVERSION = YES;
				CLANG_WARN_OBJC_IMPLICIT_RETAIN_SELF = YES;
				CLANG_WARN_OBJC_LITERAL_CONVERSION = YES;
				CLANG_WARN_OBJC_ROOT_CLASS = YES_ERROR;
				CLANG_WARN_RANGE_LOOP_ANALYSIS = YES;
				CLANG_WARN_STRICT_PROTOTYPES = YES;
				CLANG_WARN_SUSPICIOUS_MOVE = YES;
				CLANG_WARN_UNGUARDED_AVAILABILITY = YES_AGGRESSIVE;
				CLANG_WARN_UNREACHABLE_CODE = YES;
				CLANG_WARN__DUPLICATE_METHOD_MATCH = YES;
				COPY_PHASE_STRIP = NO;
				DEBUG_INFORMATION_FORMAT = dwarf;
				ENABLE_STRICT_OBJC_MSGSEND = YES;
				ENABLE_TESTABILITY = YES;
				GCC_C_LANGUAGE_STANDARD = gnu11;
				GCC_DYNAMIC_NO_PIC = NO;
				GCC_NO_COMMON_BLOCKS = YES;
				GCC_OPTIMIZATION_LEVEL = 0;
				GCC_PREPROCESSOR_DEFINITIONS = (
					"DEBUG=1",
					"$(inherited)",
				);
				GCC_WARN_64_TO_32_BIT_CONVERSION = YES;
				GCC_WARN_ABOUT_RETURN_TYPE = YES_ERROR;
				GCC_WARN_UNDECLARED_SELECTOR = YES;
				GCC_WARN_UNINITIALIZED_AUTOS = YES_AGGRESSIVE;
				GCC_WARN_UNUSED_FUNCTION = YES;
				GCC_WARN_UNUSED_VARIABLE = YES;
				IPHONEOS_DEPLOYMENT_TARGET = 13.5;
				MTL_ENABLE_DEBUG_INFO = INCLUDE_SOURCE;
				MTL_FAST_MATH = YES;
				ONLY_ACTIVE_ARCH = YES;
				SDKROOT = iphoneos;
				SWIFT_ACTIVE_COMPILATION_CONDITIONS = DEBUG;
				SWIFT_OPTIMIZATION_LEVEL = "-Onone";
			};
			name = Debug;
		};
		C08F5F0C24C4668D00E21EC2 /* Release */ = {
			isa = XCBuildConfiguration;
			buildSettings = {
				ALWAYS_SEARCH_USER_PATHS = NO;
				CLANG_ANALYZER_NONNULL = YES;
				CLANG_ANALYZER_NUMBER_OBJECT_CONVERSION = YES_AGGRESSIVE;
				CLANG_CXX_LANGUAGE_STANDARD = "gnu++14";
				CLANG_CXX_LIBRARY = "libc++";
				CLANG_ENABLE_MODULES = YES;
				CLANG_ENABLE_OBJC_ARC = YES;
				CLANG_ENABLE_OBJC_WEAK = YES;
				CLANG_WARN_BLOCK_CAPTURE_AUTORELEASING = YES;
				CLANG_WARN_BOOL_CONVERSION = YES;
				CLANG_WARN_COMMA = YES;
				CLANG_WARN_CONSTANT_CONVERSION = YES;
				CLANG_WARN_DEPRECATED_OBJC_IMPLEMENTATIONS = YES;
				CLANG_WARN_DIRECT_OBJC_ISA_USAGE = YES_ERROR;
				CLANG_WARN_DOCUMENTATION_COMMENTS = YES;
				CLANG_WARN_EMPTY_BODY = YES;
				CLANG_WARN_ENUM_CONVERSION = YES;
				CLANG_WARN_INFINITE_RECURSION = YES;
				CLANG_WARN_INT_CONVERSION = YES;
				CLANG_WARN_NON_LITERAL_NULL_CONVERSION = YES;
				CLANG_WARN_OBJC_IMPLICIT_RETAIN_SELF = YES;
				CLANG_WARN_OBJC_LITERAL_CONVERSION = YES;
				CLANG_WARN_OBJC_ROOT_CLASS = YES_ERROR;
				CLANG_WARN_RANGE_LOOP_ANALYSIS = YES;
				CLANG_WARN_STRICT_PROTOTYPES = YES;
				CLANG_WARN_SUSPICIOUS_MOVE = YES;
				CLANG_WARN_UNGUARDED_AVAILABILITY = YES_AGGRESSIVE;
				CLANG_WARN_UNREACHABLE_CODE = YES;
				CLANG_WARN__DUPLICATE_METHOD_MATCH = YES;
				COPY_PHASE_STRIP = NO;
				DEBUG_INFORMATION_FORMAT = "dwarf-with-dsym";
				ENABLE_NS_ASSERTIONS = NO;
				ENABLE_STRICT_OBJC_MSGSEND = YES;
				GCC_C_LANGUAGE_STANDARD = gnu11;
				GCC_NO_COMMON_BLOCKS = YES;
				GCC_WARN_64_TO_32_BIT_CONVERSION = YES;
				GCC_WARN_ABOUT_RETURN_TYPE = YES_ERROR;
				GCC_WARN_UNDECLARED_SELECTOR = YES;
				GCC_WARN_UNINITIALIZED_AUTOS = YES_AGGRESSIVE;
				GCC_WARN_UNUSED_FUNCTION = YES;
				GCC_WARN_UNUSED_VARIABLE = YES;
				IPHONEOS_DEPLOYMENT_TARGET = 13.5;
				MTL_ENABLE_DEBUG_INFO = NO;
				MTL_FAST_MATH = YES;
				SDKROOT = iphoneos;
				SWIFT_COMPILATION_MODE = wholemodule;
				SWIFT_OPTIMIZATION_LEVEL = "-O";
				VALIDATE_PRODUCT = YES;
			};
			name = Release;
		};
		C08F5F0E24C4668D00E21EC2 /* Debug */ = {
			isa = XCBuildConfiguration;
			baseConfigurationReference = E8F8C844A8472DEC37109F94 /* Pods-AutoChangeableDemo.debug.xcconfig */;
			buildSettings = {
				ASSETCATALOG_COMPILER_APPICON_NAME = AppIcon;
				CODE_SIGN_STYLE = Automatic;
				INFOPLIST_FILE = Sources/Info.plist;
				IPHONEOS_DEPLOYMENT_TARGET = 10.0;
				LD_RUNPATH_SEARCH_PATHS = (
					"$(inherited)",
					"@executable_path/Frameworks",
				);
				PRODUCT_BUNDLE_IDENTIFIER = "com.almazrafi.AutoChangeable-Demo";
				PRODUCT_NAME = AutoChangeableDemo;
				SWIFT_VERSION = 5.0;
				TARGETED_DEVICE_FAMILY = 1;
			};
			name = Debug;
		};
		C08F5F0F24C4668D00E21EC2 /* Release */ = {
			isa = XCBuildConfiguration;
			baseConfigurationReference = 06BD6460656501F9CF977620 /* Pods-AutoChangeableDemo.release.xcconfig */;
			buildSettings = {
				ASSETCATALOG_COMPILER_APPICON_NAME = AppIcon;
				CODE_SIGN_STYLE = Automatic;
				INFOPLIST_FILE = Sources/Info.plist;
				IPHONEOS_DEPLOYMENT_TARGET = 10.0;
				LD_RUNPATH_SEARCH_PATHS = (
					"$(inherited)",
					"@executable_path/Frameworks",
				);
				PRODUCT_BUNDLE_IDENTIFIER = "com.almazrafi.AutoChangeable-Demo";
				PRODUCT_NAME = AutoChangeableDemo;
				SWIFT_VERSION = 5.0;
				TARGETED_DEVICE_FAMILY = 1;
			};
			name = Release;
		};
/* End XCBuildConfiguration section */

/* Begin XCConfigurationList section */
		C08F5EF424C4668B00E21EC2 /* Build configuration list for PBXProject "AutoChangeableDemo" */ = {
			isa = XCConfigurationList;
			buildConfigurations = (
				C08F5F0B24C4668D00E21EC2 /* Debug */,
				C08F5F0C24C4668D00E21EC2 /* Release */,
			);
			defaultConfigurationIsVisible = 0;
			defaultConfigurationName = Release;
		};
		C08F5F0D24C4668D00E21EC2 /* Build configuration list for PBXNativeTarget "AutoChangeableDemo" */ = {
			isa = XCConfigurationList;
			buildConfigurations = (
				C08F5F0E24C4668D00E21EC2 /* Debug */,
				C08F5F0F24C4668D00E21EC2 /* Release */,
			);
			defaultConfigurationIsVisible = 0;
			defaultConfigurationName = Release;
		};
/* End XCConfigurationList section */
	};
	rootObject = C08F5EF124C4668B00E21EC2 /* Project object */;
}
