PODS:
  - ChangeableCopy (1.0.0)
  - Sourcery (0.18.0)

DEPENDENCIES:
  - ChangeableCopy (from `https://github.com/almazrafi/ChangeableCopy.git`)
  - Sourcery

SPEC REPOS:
  trunk:
    - Sourcery

EXTERNAL SOURCES:
  ChangeableCopy:
    :git: https://github.com/almazrafi/ChangeableCopy.git

CHECKOUT OPTIONS:
  ChangeableCopy:
    :commit: 5d00c5bbbd04850f3d12b897382ae7eacfd747e9
    :git: https://github.com/almazrafi/ChangeableCopy.git

SPEC CHECKSUMS:
  ChangeableCopy: c3eb372264fb0686cf39613a9bb3d7c62d79c13a
  Sourcery: e0e8658a1ce6d9f475156ad3ffce4c68f1261b3e

PODFILE CHECKSUM: a16663e725a3e731510d0d3a66119f5cae4c50e5

COCOAPODS: 1.9.3
