PODS:
  - ChangeableCopy (1.0.0)
  - Sourcery (0.18.0)

DEPENDENCIES:
  - ChangeableCopy (from `https://github.com/almazrafi/ChangeableCopy.git`)
  - Sourcery

SPEC REPOS:
  trunk:
    - Sourcery

EXTERNAL SOURCES:
  ChangeableCopy:
    :git: https://github.com/almazrafi/ChangeableCopy.git

CHECKOUT OPTIONS:
  ChangeableCopy:
    :commit: 88f02dda85591cd7c3cd094f6a478dff286c90ff
    :git: https://github.com/almazrafi/ChangeableCopy.git

SPEC CHECKSUMS:
  ChangeableCopy: 7a37e9b8fe99e89ce5c595f72089785153431f57
  Sourcery: e0e8658a1ce6d9f475156ad3ffce4c68f1261b3e

PODFILE CHECKSUM: a16663e725a3e731510d0d3a66119f5cae4c50e5

COCOAPODS: 1.9.3
